
Microsoft Visual Studio Solution File, Format Version 12.00
# Visual Studio 15
VisualStudioVersion = 15.0.28307.329
MinimumVisualStudioVersion = 10.0.40219.1
Project("{FAE04EC0-301F-11D3-BF4B-00C04F79EFBC}") = "Birthday-Chocolate-Problem", "Birthday-Chocolate-Problem.csproj", "{DF4EAA5D-8BEA-4891-A21F-96F7CD43F6FE}"
EndProject
Project("{FAE04EC0-301F-11D3-BF4B-00C04F79EFBC}") = "Divisible-Sum-Pairs", "..\Divisible-Sum-Pairs\Divisible-Sum-Pairs.csproj", "{C57A0C94-36AE-49F7-B53E-A2C2D0556B70}"
EndProject
Global
	GlobalSection(SolutionConfigurationPlatforms) = preSolution
		Debug|Any CPU = Debug|Any CPU
		Release|Any CPU = Release|Any CPU
	EndGlobalSection
	GlobalSection(ProjectConfigurationPlatforms) = postSolution
		{DF4EAA5D-8BEA-4891-A21F-96F7CD43F6FE}.Debug|Any CPU.ActiveCfg = Debug|Any CPU
		{DF4EAA5D-8BEA-4891-A21F-96F7CD43F6FE}.Debug|Any CPU.Build.0 = Debug|Any CPU
		{DF4EAA5D-8BEA-4891-A21F-96F7CD43F6FE}.Release|Any CPU.ActiveCfg = Release|Any CPU
		{DF4EAA5D-8BEA-4891-A21F-96F7CD43F6FE}.Release|Any CPU.Build.0 = Release|Any CPU
		{C57A0C94-36AE-49F7-B53E-A2C2D0556B70}.Debug|Any CPU.ActiveCfg = Debug|Any CPU
		{C57A0C94-36AE-49F7-B53E-A2C2D0556B70}.Debug|Any CPU.Build.0 = Debug|Any CPU
		{C57A0C94-36AE-49F7-B53E-A2C2D0556B70}.Release|Any CPU.ActiveCfg = Release|Any CPU
		{C57A0C94-36AE-49F7-B53E-A2C2D0556B70}.Release|Any CPU.Build.0 = Release|Any CPU
	EndGlobalSection
	GlobalSection(SolutionProperties) = preSolution
		HideSolutionNode = FALSE
	EndGlobalSection
	GlobalSection(ExtensibilityGlobals) = postSolution
		SolutionGuid = {C0F44A8E-8E8F-491C-A62D-77E72C92BADB}
	EndGlobalSection
EndGlobal
