
Microsoft Visual Studio Solution File, Format Version 12.00
# Visual Studio Version 17
VisualStudioVersion = 17.1.32210.238
MinimumVisualStudioVersion = 10.0.40219.1
Project("{FAE04EC0-301F-11D3-BF4B-00C04F79EFBC}") = "Birthday-Chocolate-Problem", "Birthday-Chocolate-Problem\Birthday-Chocolate-Problem.csproj", "{DF4EAA5D-8BEA-4891-A21F-96F7CD43F6FE}"
EndProject
Project("{FAE04EC0-301F-11D3-BF4B-00C04F79EFBC}") = "Divisible-Sum-Pairs", "Divisible-Sum-Pairs\Divisible-Sum-Pairs.csproj", "{C57A0C94-36AE-49F7-B53E-A2C2D0556B70}"
EndProject
Project("{9A19103F-16F7-4668-BE54-9A1E7A4F7556}") = "Migratory Birds", "Migratory Birds\Migratory Birds.csproj", "{EB64FF45-6165-426E-B3B6-DF84424439CE}"
EndProject
Project("{9A19103F-16F7-4668-BE54-9A1E7A4F7556}") = "Day of the Programmer", "Day of the Programmer\Day of the Programmer.csproj", "{D1E45958-4053-407E-8CCF-0DB76F738305}"
EndProject
Project("{9A19103F-16F7-4668-BE54-9A1E7A4F7556}") = "Kangaroo", "Kangaroo\Kangaroo.csproj", "{F2C093AF-7BF6-4290-8421-659E8360F981}"
EndProject
Project("{9A19103F-16F7-4668-BE54-9A1E7A4F7556}") = "The Time in Words", "The Time in Words\The Time in Words.csproj", "{E50B36CC-42AC-4907-B4D1-58A30F500966}"
EndProject
Project("{9A19103F-16F7-4668-BE54-9A1E7A4F7556}") = "Electronics Shop", "Electronics Shop\Electronics Shop.csproj", "{52305A68-F5B2-4F1D-92CF-872C5F0ED5E5}"
EndProject
Project("{9A19103F-16F7-4668-BE54-9A1E7A4F7556}") = "Matrix Layer Rotation", "Matrix Layer Rotation\Matrix Layer Rotation.csproj", "{B486DDF3-A09B-4E73-8E5E-07C3710C9D44}"
EndProject
Project("{9A19103F-16F7-4668-BE54-9A1E7A4F7556}") = "Cats and a Mouse", "Cats and a Mouse\Cats and a Mouse.csproj", "{653E0FEC-8049-452F-8F17-A14828474D48}"
EndProject
Project("{9A19103F-16F7-4668-BE54-9A1E7A4F7556}") = "Find Digits", "Find Digits\Find Digits.csproj", "{53936D45-D02E-4D16-A38C-5B79724EEF65}"
EndProject
Project("{9A19103F-16F7-4668-BE54-9A1E7A4F7556}") = "Counting Sort 1", "Counting Sort 1\Counting Sort 1.csproj", "{408F3C10-6B61-49F1-A7C7-E39C16EF54CF}"
EndProject
Project("{9A19103F-16F7-4668-BE54-9A1E7A4F7556}") = "Find the Median", "Find the Median\Find the Median.csproj", "{97CE0A29-8AA9-4BFD-A406-471F7FC7A5C3}"
EndProject
Project("{9A19103F-16F7-4668-BE54-9A1E7A4F7556}") = "Time Complexity Primality", "Time Complexity Primality\Time Complexity Primality.csproj", "{8BDD2157-9937-4494-8A14-ED94115A7E4D}"
EndProject
Project("{2150E333-8FDC-42A3-9474-1A3956D46DE8}") = "Python", "Python", "{733D346C-1269-4F76-8285-B9FAAA1EB60D}"
EndProject
Project("{9A19103F-16F7-4668-BE54-9A1E7A4F7556}") = "Counting Valleys", "Counting Valleys\Counting Valleys.csproj", "{4AAFA70B-A855-4C8E-9A34-9465D42302B9}"
EndProject
Project("{9A19103F-16F7-4668-BE54-9A1E7A4F7556}") = "OddNumbers", "OddNumbers\OddNumbers.csproj", "{DA35EC83-95E4-4D8F-85BD-F2A8EC19D76A}"
EndProject
Project("{9A19103F-16F7-4668-BE54-9A1E7A4F7556}") = "TestProject", "TestProject\TestProject.csproj", "{A8D2271F-0D73-4FCE-BB73-A39AB6FF0376}"
EndProject
Project("{9A19103F-16F7-4668-BE54-9A1E7A4F7556}") = "TestSolutions", "TestSolutions\TestSolutions.csproj", "{8999DDF4-B664-43EE-83BA-EB7123DC001C}"
EndProject
Project("{9A19103F-16F7-4668-BE54-9A1E7A4F7556}") = "LeetCodeChallenges", "LeetCodeChallenges\LeetCodeChallenges.csproj", "{45F5810D-3E77-4A28-BBD5-F88887AB7A16}"
EndProject
Project("{9A19103F-16F7-4668-BE54-9A1E7A4F7556}") = "AVeryBigSum", "AVeryBigSum\AVeryBigSum.csproj", "{79A26B19-9BE1-4FA3-A4FB-D7D580E3D00E}"
EndProject
Project("{9A19103F-16F7-4668-BE54-9A1E7A4F7556}") = "LeftRotation", "LeftRotation\LeftRotation.csproj", "{05F87D30-3203-4DDD-9287-8D5DA99DE9E4}"
EndProject
Global
	GlobalSection(SolutionConfigurationPlatforms) = preSolution
		Debug|Any CPU = Debug|Any CPU
		Release|Any CPU = Release|Any CPU
	EndGlobalSection
	GlobalSection(ProjectConfigurationPlatforms) = postSolution
		{DF4EAA5D-8BEA-4891-A21F-96F7CD43F6FE}.Debug|Any CPU.ActiveCfg = Debug|Any CPU
		{DF4EAA5D-8BEA-4891-A21F-96F7CD43F6FE}.Debug|Any CPU.Build.0 = Debug|Any CPU
		{DF4EAA5D-8BEA-4891-A21F-96F7CD43F6FE}.Release|Any CPU.ActiveCfg = Release|Any CPU
		{DF4EAA5D-8BEA-4891-A21F-96F7CD43F6FE}.Release|Any CPU.Build.0 = Release|Any CPU
		{C57A0C94-36AE-49F7-B53E-A2C2D0556B70}.Debug|Any CPU.ActiveCfg = Debug|Any CPU
		{C57A0C94-36AE-49F7-B53E-A2C2D0556B70}.Debug|Any CPU.Build.0 = Debug|Any CPU
		{C57A0C94-36AE-49F7-B53E-A2C2D0556B70}.Release|Any CPU.ActiveCfg = Release|Any CPU
		{C57A0C94-36AE-49F7-B53E-A2C2D0556B70}.Release|Any CPU.Build.0 = Release|Any CPU
		{EB64FF45-6165-426E-B3B6-DF84424439CE}.Debug|Any CPU.ActiveCfg = Debug|Any CPU
		{EB64FF45-6165-426E-B3B6-DF84424439CE}.Debug|Any CPU.Build.0 = Debug|Any CPU
		{EB64FF45-6165-426E-B3B6-DF84424439CE}.Release|Any CPU.ActiveCfg = Release|Any CPU
		{EB64FF45-6165-426E-B3B6-DF84424439CE}.Release|Any CPU.Build.0 = Release|Any CPU
		{D1E45958-4053-407E-8CCF-0DB76F738305}.Debug|Any CPU.ActiveCfg = Debug|Any CPU
		{D1E45958-4053-407E-8CCF-0DB76F738305}.Debug|Any CPU.Build.0 = Debug|Any CPU
		{D1E45958-4053-407E-8CCF-0DB76F738305}.Release|Any CPU.ActiveCfg = Release|Any CPU
		{D1E45958-4053-407E-8CCF-0DB76F738305}.Release|Any CPU.Build.0 = Release|Any CPU
		{F2C093AF-7BF6-4290-8421-659E8360F981}.Debug|Any CPU.ActiveCfg = Debug|Any CPU
		{F2C093AF-7BF6-4290-8421-659E8360F981}.Debug|Any CPU.Build.0 = Debug|Any CPU
		{F2C093AF-7BF6-4290-8421-659E8360F981}.Release|Any CPU.ActiveCfg = Release|Any CPU
		{F2C093AF-7BF6-4290-8421-659E8360F981}.Release|Any CPU.Build.0 = Release|Any CPU
		{E50B36CC-42AC-4907-B4D1-58A30F500966}.Debug|Any CPU.ActiveCfg = Debug|Any CPU
		{E50B36CC-42AC-4907-B4D1-58A30F500966}.Debug|Any CPU.Build.0 = Debug|Any CPU
		{E50B36CC-42AC-4907-B4D1-58A30F500966}.Release|Any CPU.ActiveCfg = Release|Any CPU
		{E50B36CC-42AC-4907-B4D1-58A30F500966}.Release|Any CPU.Build.0 = Release|Any CPU
		{52305A68-F5B2-4F1D-92CF-872C5F0ED5E5}.Debug|Any CPU.ActiveCfg = Debug|Any CPU
		{52305A68-F5B2-4F1D-92CF-872C5F0ED5E5}.Debug|Any CPU.Build.0 = Debug|Any CPU
		{52305A68-F5B2-4F1D-92CF-872C5F0ED5E5}.Release|Any CPU.ActiveCfg = Release|Any CPU
		{52305A68-F5B2-4F1D-92CF-872C5F0ED5E5}.Release|Any CPU.Build.0 = Release|Any CPU
		{B486DDF3-A09B-4E73-8E5E-07C3710C9D44}.Debug|Any CPU.ActiveCfg = Debug|Any CPU
		{B486DDF3-A09B-4E73-8E5E-07C3710C9D44}.Debug|Any CPU.Build.0 = Debug|Any CPU
		{B486DDF3-A09B-4E73-8E5E-07C3710C9D44}.Release|Any CPU.ActiveCfg = Release|Any CPU
		{B486DDF3-A09B-4E73-8E5E-07C3710C9D44}.Release|Any CPU.Build.0 = Release|Any CPU
		{653E0FEC-8049-452F-8F17-A14828474D48}.Debug|Any CPU.ActiveCfg = Debug|Any CPU
		{653E0FEC-8049-452F-8F17-A14828474D48}.Debug|Any CPU.Build.0 = Debug|Any CPU
		{653E0FEC-8049-452F-8F17-A14828474D48}.Release|Any CPU.ActiveCfg = Release|Any CPU
		{653E0FEC-8049-452F-8F17-A14828474D48}.Release|Any CPU.Build.0 = Release|Any CPU
		{53936D45-D02E-4D16-A38C-5B79724EEF65}.Debug|Any CPU.ActiveCfg = Debug|Any CPU
		{53936D45-D02E-4D16-A38C-5B79724EEF65}.Debug|Any CPU.Build.0 = Debug|Any CPU
		{53936D45-D02E-4D16-A38C-5B79724EEF65}.Release|Any CPU.ActiveCfg = Release|Any CPU
		{53936D45-D02E-4D16-A38C-5B79724EEF65}.Release|Any CPU.Build.0 = Release|Any CPU
		{408F3C10-6B61-49F1-A7C7-E39C16EF54CF}.Debug|Any CPU.ActiveCfg = Debug|Any CPU
		{408F3C10-6B61-49F1-A7C7-E39C16EF54CF}.Debug|Any CPU.Build.0 = Debug|Any CPU
		{408F3C10-6B61-49F1-A7C7-E39C16EF54CF}.Release|Any CPU.ActiveCfg = Release|Any CPU
		{408F3C10-6B61-49F1-A7C7-E39C16EF54CF}.Release|Any CPU.Build.0 = Release|Any CPU
		{97CE0A29-8AA9-4BFD-A406-471F7FC7A5C3}.Debug|Any CPU.ActiveCfg = Debug|Any CPU
		{97CE0A29-8AA9-4BFD-A406-471F7FC7A5C3}.Debug|Any CPU.Build.0 = Debug|Any CPU
		{97CE0A29-8AA9-4BFD-A406-471F7FC7A5C3}.Release|Any CPU.ActiveCfg = Release|Any CPU
		{97CE0A29-8AA9-4BFD-A406-471F7FC7A5C3}.Release|Any CPU.Build.0 = Release|Any CPU
		{8BDD2157-9937-4494-8A14-ED94115A7E4D}.Debug|Any CPU.ActiveCfg = Debug|Any CPU
		{8BDD2157-9937-4494-8A14-ED94115A7E4D}.Debug|Any CPU.Build.0 = Debug|Any CPU
		{8BDD2157-9937-4494-8A14-ED94115A7E4D}.Release|Any CPU.ActiveCfg = Release|Any CPU
		{8BDD2157-9937-4494-8A14-ED94115A7E4D}.Release|Any CPU.Build.0 = Release|Any CPU
		{4AAFA70B-A855-4C8E-9A34-9465D42302B9}.Debug|Any CPU.ActiveCfg = Debug|Any CPU
		{4AAFA70B-A855-4C8E-9A34-9465D42302B9}.Debug|Any CPU.Build.0 = Debug|Any CPU
		{4AAFA70B-A855-4C8E-9A34-9465D42302B9}.Release|Any CPU.ActiveCfg = Release|Any CPU
		{4AAFA70B-A855-4C8E-9A34-9465D42302B9}.Release|Any CPU.Build.0 = Release|Any CPU
		{DA35EC83-95E4-4D8F-85BD-F2A8EC19D76A}.Debug|Any CPU.ActiveCfg = Debug|Any CPU
		{DA35EC83-95E4-4D8F-85BD-F2A8EC19D76A}.Debug|Any CPU.Build.0 = Debug|Any CPU
		{DA35EC83-95E4-4D8F-85BD-F2A8EC19D76A}.Release|Any CPU.ActiveCfg = Release|Any CPU
		{DA35EC83-95E4-4D8F-85BD-F2A8EC19D76A}.Release|Any CPU.Build.0 = Release|Any CPU
		{A8D2271F-0D73-4FCE-BB73-A39AB6FF0376}.Debug|Any CPU.ActiveCfg = Debug|Any CPU
		{A8D2271F-0D73-4FCE-BB73-A39AB6FF0376}.Debug|Any CPU.Build.0 = Debug|Any CPU
		{A8D2271F-0D73-4FCE-BB73-A39AB6FF0376}.Release|Any CPU.ActiveCfg = Release|Any CPU
		{A8D2271F-0D73-4FCE-BB73-A39AB6FF0376}.Release|Any CPU.Build.0 = Release|Any CPU
		{8999DDF4-B664-43EE-83BA-EB7123DC001C}.Debug|Any CPU.ActiveCfg = Debug|Any CPU
		{8999DDF4-B664-43EE-83BA-EB7123DC001C}.Debug|Any CPU.Build.0 = Debug|Any CPU
		{8999DDF4-B664-43EE-83BA-EB7123DC001C}.Release|Any CPU.ActiveCfg = Release|Any CPU
		{8999DDF4-B664-43EE-83BA-EB7123DC001C}.Release|Any CPU.Build.0 = Release|Any CPU
		{45F5810D-3E77-4A28-BBD5-F88887AB7A16}.Debug|Any CPU.ActiveCfg = Debug|Any CPU
		{45F5810D-3E77-4A28-BBD5-F88887AB7A16}.Debug|Any CPU.Build.0 = Debug|Any CPU
		{45F5810D-3E77-4A28-BBD5-F88887AB7A16}.Release|Any CPU.ActiveCfg = Release|Any CPU
		{45F5810D-3E77-4A28-BBD5-F88887AB7A16}.Release|Any CPU.Build.0 = Release|Any CPU
		{79A26B19-9BE1-4FA3-A4FB-D7D580E3D00E}.Debug|Any CPU.ActiveCfg = Debug|Any CPU
		{79A26B19-9BE1-4FA3-A4FB-D7D580E3D00E}.Debug|Any CPU.Build.0 = Debug|Any CPU
		{79A26B19-9BE1-4FA3-A4FB-D7D580E3D00E}.Release|Any CPU.ActiveCfg = Release|Any CPU
		{79A26B19-9BE1-4FA3-A4FB-D7D580E3D00E}.Release|Any CPU.Build.0 = Release|Any CPU
		{05F87D30-3203-4DDD-9287-8D5DA99DE9E4}.Debug|Any CPU.ActiveCfg = Debug|Any CPU
		{05F87D30-3203-4DDD-9287-8D5DA99DE9E4}.Debug|Any CPU.Build.0 = Debug|Any CPU
		{05F87D30-3203-4DDD-9287-8D5DA99DE9E4}.Release|Any CPU.ActiveCfg = Release|Any CPU
		{05F87D30-3203-4DDD-9287-8D5DA99DE9E4}.Release|Any CPU.Build.0 = Release|Any CPU
	EndGlobalSection
	GlobalSection(SolutionProperties) = preSolution
		HideSolutionNode = FALSE
	EndGlobalSection
	GlobalSection(ExtensibilityGlobals) = postSolution
		SolutionGuid = {E2137ACF-E759-41B7-8E58-CC2C8962A7A9}
	EndGlobalSection
EndGlobal
